// !$*UTF8*$!
{
	archiveVersion = 1;
	classes = {
	};
	objectVersion = 46;
	objects = {

/* Begin PBXBuildFile section */
		941A84B015814A41001ECCEF /* UIKit.framework in Frameworks */ = {isa = PBXBuildFile; fileRef = 941A84AF15814A41001ECCEF /* UIKit.framework */; };
		941A84B215814A41001ECCEF /* Foundation.framework in Frameworks */ = {isa = PBXBuildFile; fileRef = 941A84B115814A41001ECCEF /* Foundation.framework */; };
		941A84B415814A41001ECCEF /* CoreGraphics.framework in Frameworks */ = {isa = PBXBuildFile; fileRef = 941A84B315814A41001ECCEF /* CoreGraphics.framework */; };
		941A84BA15814A41001ECCEF /* InfoPlist.strings in Resources */ = {isa = PBXBuildFile; fileRef = 941A84B815814A41001ECCEF /* InfoPlist.strings */; };
		941A84BC15814A41001ECCEF /* main.m in Sources */ = {isa = PBXBuildFile; fileRef = 941A84BB15814A41001ECCEF /* main.m */; };
		941A84C015814A41001ECCEF /* AppDelegate.m in Sources */ = {isa = PBXBuildFile; fileRef = 941A84BF15814A41001ECCEF /* AppDelegate.m */; };
		941A84C315814A41001ECCEF /* MainStoryboard.storyboard in Resources */ = {isa = PBXBuildFile; fileRef = 941A84C115814A41001ECCEF /* MainStoryboard.storyboard */; };
		941A84C615814A41001ECCEF /* ViewController.m in Sources */ = {isa = PBXBuildFile; fileRef = 941A84C515814A41001ECCEF /* ViewController.m */; };
		941A84CE15814A41001ECCEF /* SenTestingKit.framework in Frameworks */ = {isa = PBXBuildFile; fileRef = 941A84CD15814A41001ECCEF /* SenTestingKit.framework */; };
		941A84CF15814A41001ECCEF /* UIKit.framework in Frameworks */ = {isa = PBXBuildFile; fileRef = 941A84AF15814A41001ECCEF /* UIKit.framework */; };
		941A84D015814A41001ECCEF /* Foundation.framework in Frameworks */ = {isa = PBXBuildFile; fileRef = 941A84B115814A41001ECCEF /* Foundation.framework */; };
		941A84D815814A41001ECCEF /* InfoPlist.strings in Resources */ = {isa = PBXBuildFile; fileRef = 941A84D615814A41001ECCEF /* InfoPlist.strings */; };
		941A84DB15814A41001ECCEF /* Project_2Tests.m in Sources */ = {isa = PBXBuildFile; fileRef = 941A84DA15814A41001ECCEF /* Project_2Tests.m */; };
/* End PBXBuildFile section */

/* Begin PBXContainerItemProxy section */
		941A84D115814A41001ECCEF /* PBXContainerItemProxy */ = {
			isa = PBXContainerItemProxy;
			containerPortal = 941A84A215814A41001ECCEF /* Project object */;
			proxyType = 1;
			remoteGlobalIDString = 941A84AA15814A41001ECCEF;
			remoteInfo = "Project 2";
		};
/* End PBXContainerItemProxy section */

/* Begin PBXFileReference section */
		941A84AB15814A41001ECCEF /* Project 2.app */ = {isa = PBXFileReference; explicitFileType = wrapper.application; includeInIndex = 0; path = "Project 2.app"; sourceTree = BUILT_PRODUCTS_DIR; };
		941A84AF15814A41001ECCEF /* UIKit.framework */ = {isa = PBXFileReference; lastKnownFileType = wrapper.framework; name = UIKit.framework; path = System/Library/Frameworks/UIKit.framework; sourceTree = SDKROOT; };
		941A84B115814A41001ECCEF /* Foundation.framework */ = {isa = PBXFileReference; lastKnownFileType = wrapper.framework; name = Foundation.framework; path = System/Library/Frameworks/Foundation.framework; sourceTree = SDKROOT; };
		941A84B315814A41001ECCEF /* CoreGraphics.framework */ = {isa = PBXFileReference; lastKnownFileType = wrapper.framework; name = CoreGraphics.framework; path = System/Library/Frameworks/CoreGraphics.framework; sourceTree = SDKROOT; };
		941A84B715814A41001ECCEF /* Project 2-Info.plist */ = {isa = PBXFileReference; lastKnownFileType = text.plist.xml; path = "Project 2-Info.plist"; sourceTree = "<group>"; };
		941A84B915814A41001ECCEF /* en */ = {isa = PBXFileReference; lastKnownFileType = text.plist.strings; name = en; path = en.lproj/InfoPlist.strings; sourceTree = "<group>"; };
		941A84BB15814A41001ECCEF /* main.m */ = {isa = PBXFileReference; lastKnownFileType = sourcecode.c.objc; path = main.m; sourceTree = "<group>"; };
		941A84BD15814A41001ECCEF /* Project 2-Prefix.pch */ = {isa = PBXFileReference; lastKnownFileType = sourcecode.c.h; path = "Project 2-Prefix.pch"; sourceTree = "<group>"; };
		941A84BE15814A41001ECCEF /* AppDelegate.h */ = {isa = PBXFileReference; lastKnownFileType = sourcecode.c.h; path = AppDelegate.h; sourceTree = "<group>"; };
		941A84BF15814A41001ECCEF /* AppDelegate.m */ = {isa = PBXFileReference; lastKnownFileType = sourcecode.c.objc; path = AppDelegate.m; sourceTree = "<group>"; };
		941A84C215814A41001ECCEF /* en */ = {isa = PBXFileReference; lastKnownFileType = file.storyboard; name = en; path = en.lproj/MainStoryboard.storyboard; sourceTree = "<group>"; };
		941A84C415814A41001ECCEF /* ViewController.h */ = {isa = PBXFileReference; lastKnownFileType = sourcecode.c.h; path = ViewController.h; sourceTree = "<group>"; };
		941A84C515814A41001ECCEF /* ViewController.m */ = {isa = PBXFileReference; lastKnownFileType = sourcecode.c.objc; path = ViewController.m; sourceTree = "<group>"; };
		941A84CC15814A41001ECCEF /* Project 2Tests.octest */ = {isa = PBXFileReference; explicitFileType = wrapper.cfbundle; includeInIndex = 0; path = "Project 2Tests.octest"; sourceTree = BUILT_PRODUCTS_DIR; };
		941A84CD15814A41001ECCEF /* SenTestingKit.framework */ = {isa = PBXFileReference; lastKnownFileType = wrapper.framework; name = SenTestingKit.framework; path = Library/Frameworks/SenTestingKit.framework; sourceTree = DEVELOPER_DIR; };
		941A84D515814A41001ECCEF /* Project 2Tests-Info.plist */ = {isa = PBXFileReference; lastKnownFileType = text.plist.xml; path = "Project 2Tests-Info.plist"; sourceTree = "<group>"; };
		941A84D715814A41001ECCEF /* en */ = {isa = PBXFileReference; lastKnownFileType = text.plist.strings; name = en; path = en.lproj/InfoPlist.strings; sourceTree = "<group>"; };
		941A84D915814A41001ECCEF /* Project_2Tests.h */ = {isa = PBXFileReference; lastKnownFileType = sourcecode.c.h; path = Project_2Tests.h; sourceTree = "<group>"; };
		941A84DA15814A41001ECCEF /* Project_2Tests.m */ = {isa = PBXFileReference; lastKnownFileType = sourcecode.c.objc; path = Project_2Tests.m; sourceTree = "<group>"; };
/* End PBXFileReference section */

/* Begin PBXFrameworksBuildPhase section */
		941A84A815814A41001ECCEF /* Frameworks */ = {
			isa = PBXFrameworksBuildPhase;
			buildActionMask = 2147483647;
			files = (
				941A84B015814A41001ECCEF /* UIKit.framework in Frameworks */,
				941A84B215814A41001ECCEF /* Foundation.framework in Frameworks */,
				941A84B415814A41001ECCEF /* CoreGraphics.framework in Frameworks */,
			);
			runOnlyForDeploymentPostprocessing = 0;
		};
		941A84C815814A41001ECCEF /* Frameworks */ = {
			isa = PBXFrameworksBuildPhase;
			buildActionMask = 2147483647;
			files = (
				941A84CE15814A41001ECCEF /* SenTestingKit.framework in Frameworks */,
				941A84CF15814A41001ECCEF /* UIKit.framework in Frameworks */,
				941A84D015814A41001ECCEF /* Foundation.framework in Frameworks */,
			);
			runOnlyForDeploymentPostprocessing = 0;
		};
/* End PBXFrameworksBuildPhase section */

/* Begin PBXGroup section */
		941A84A015814A41001ECCEF = {
			isa = PBXGroup;
			children = (
				941A84B515814A41001ECCEF /* Project 2 */,
				941A84D315814A41001ECCEF /* Project 2Tests */,
				941A84AE15814A41001ECCEF /* Frameworks */,
				941A84AC15814A41001ECCEF /* Products */,
			);
			sourceTree = "<group>";
		};
		941A84AC15814A41001ECCEF /* Products */ = {
			isa = PBXGroup;
			children = (
				941A84AB15814A41001ECCEF /* Project 2.app */,
				941A84CC15814A41001ECCEF /* Project 2Tests.octest */,
			);
			name = Products;
			sourceTree = "<group>";
		};
		941A84AE15814A41001ECCEF /* Frameworks */ = {
			isa = PBXGroup;
			children = (
				941A84AF15814A41001ECCEF /* UIKit.framework */,
				941A84B115814A41001ECCEF /* Foundation.framework */,
				941A84B315814A41001ECCEF /* CoreGraphics.framework */,
				941A84CD15814A41001ECCEF /* SenTestingKit.framework */,
			);
			name = Frameworks;
			sourceTree = "<group>";
		};
		941A84B515814A41001ECCEF /* Project 2 */ = {
			isa = PBXGroup;
			children = (
				941A84BE15814A41001ECCEF /* AppDelegate.h */,
				941A84BF15814A41001ECCEF /* AppDelegate.m */,
				941A84C115814A41001ECCEF /* MainStoryboard.storyboard */,
				941A84C415814A41001ECCEF /* ViewController.h */,
				941A84C515814A41001ECCEF /* ViewController.m */,
				941A84B615814A41001ECCEF /* Supporting Files */,
			);
			path = "Project 2";
			sourceTree = "<group>";
		};
		941A84B615814A41001ECCEF /* Supporting Files */ = {
			isa = PBXGroup;
			children = (
				941A84B715814A41001ECCEF /* Project 2-Info.plist */,
				941A84B815814A41001ECCEF /* InfoPlist.strings */,
				941A84BB15814A41001ECCEF /* main.m */,
				941A84BD15814A41001ECCEF /* Project 2-Prefix.pch */,
			);
			name = "Supporting Files";
			sourceTree = "<group>";
		};
		941A84D315814A41001ECCEF /* Project 2Tests */ = {
			isa = PBXGroup;
			children = (
				941A84D915814A41001ECCEF /* Project_2Tests.h */,
				941A84DA15814A41001ECCEF /* Project_2Tests.m */,
				941A84D415814A41001ECCEF /* Supporting Files */,
			);
			path = "Project 2Tests";
			sourceTree = "<group>";
		};
		941A84D415814A41001ECCEF /* Supporting Files */ = {
			isa = PBXGroup;
			children = (
				941A84D515814A41001ECCEF /* Project 2Tests-Info.plist */,
				941A84D615814A41001ECCEF /* InfoPlist.strings */,
			);
			name = "Supporting Files";
			sourceTree = "<group>";
		};
/* End PBXGroup section */

/* Begin PBXNativeTarget section */
		941A84AA15814A41001ECCEF /* Project 2 */ = {
			isa = PBXNativeTarget;
			buildConfigurationList = 941A84DE15814A41001ECCEF /* Build configuration list for PBXNativeTarget "Project 2" */;
			buildPhases = (
				941A84A715814A41001ECCEF /* Sources */,
				941A84A815814A41001ECCEF /* Frameworks */,
				941A84A915814A41001ECCEF /* Resources */,
			);
			buildRules = (
			);
			dependencies = (
			);
			name = "Project 2";
			productName = "Project 2";
			productReference = 941A84AB15814A41001ECCEF /* Project 2.app */;
			productType = "com.apple.product-type.application";
		};
		941A84CB15814A41001ECCEF /* Project 2Tests */ = {
			isa = PBXNativeTarget;
			buildConfigurationList = 941A84E115814A41001ECCEF /* Build configuration list for PBXNativeTarget "Project 2Tests" */;
			buildPhases = (
				941A84C715814A41001ECCEF /* Sources */,
				941A84C815814A41001ECCEF /* Frameworks */,
				941A84C915814A41001ECCEF /* Resources */,
				941A84CA15814A41001ECCEF /* ShellScript */,
			);
			buildRules = (
			);
			dependencies = (
				941A84D215814A41001ECCEF /* PBXTargetDependency */,
			);
			name = "Project 2Tests";
			productName = "Project 2Tests";
			productReference = 941A84CC15814A41001ECCEF /* Project 2Tests.octest */;
			productType = "com.apple.product-type.bundle";
		};
/* End PBXNativeTarget section */

/* Begin PBXProject section */
		941A84A215814A41001ECCEF /* Project object */ = {
			isa = PBXProject;
			attributes = {
				LastUpgradeCheck = 0430;
				ORGANIZATIONNAME = "Full Sail University";
			};
			buildConfigurationList = 941A84A515814A41001ECCEF /* Build configuration list for PBXProject "Project 2" */;
			compatibilityVersion = "Xcode 3.2";
			developmentRegion = English;
			hasScannedForEncodings = 0;
			knownRegions = (
				en,
			);
			mainGroup = 941A84A015814A41001ECCEF;
			productRefGroup = 941A84AC15814A41001ECCEF /* Products */;
			projectDirPath = "";
			projectRoot = "";
			targets = (
				941A84AA15814A41001ECCEF /* Project 2 */,
				941A84CB15814A41001ECCEF /* Project 2Tests */,
			);
		};
/* End PBXProject section */

/* Begin PBXResourcesBuildPhase section */
		941A84A915814A41001ECCEF /* Resources */ = {
			isa = PBXResourcesBuildPhase;
			buildActionMask = 2147483647;
			files = (
				941A84BA15814A41001ECCEF /* InfoPlist.strings in Resources */,
				941A84C315814A41001ECCEF /* MainStoryboard.storyboard in Resources */,
			);
			runOnlyForDeploymentPostprocessing = 0;
		};
		941A84C915814A41001ECCEF /* Resources */ = {
			isa = PBXResourcesBuildPhase;
			buildActionMask = 2147483647;
			files = (
				941A84D815814A41001ECCEF /* InfoPlist.strings in Resources */,
			);
			runOnlyForDeploymentPostprocessing = 0;
		};
/* End PBXResourcesBuildPhase section */

/* Begin PBXShellScriptBuildPhase section */
		941A84CA15814A41001ECCEF /* ShellScript */ = {
			isa = PBXShellScriptBuildPhase;
			buildActionMask = 2147483647;
			files = (
			);
			inputPaths = (
			);
			outputPaths = (
			);
			runOnlyForDeploymentPostprocessing = 0;
			shellPath = /bin/sh;
			shellScript = "# Run the unit tests in this test bundle.\n\"${SYSTEM_DEVELOPER_DIR}/Tools/RunUnitTests\"\n";
		};
/* End PBXShellScriptBuildPhase section */

/* Begin PBXSourcesBuildPhase section */
		941A84A715814A41001ECCEF /* Sources */ = {
			isa = PBXSourcesBuildPhase;
			buildActionMask = 2147483647;
			files = (
				941A84BC15814A41001ECCEF /* main.m in Sources */,
				941A84C015814A41001ECCEF /* AppDelegate.m in Sources */,
				941A84C615814A41001ECCEF /* ViewController.m in Sources */,
			);
			runOnlyForDeploymentPostprocessing = 0;
		};
		941A84C715814A41001ECCEF /* Sources */ = {
			isa = PBXSourcesBuildPhase;
			buildActionMask = 2147483647;
			files = (
				941A84DB15814A41001ECCEF /* Project_2Tests.m in Sources */,
			);
			runOnlyForDeploymentPostprocessing = 0;
		};
/* End PBXSourcesBuildPhase section */

/* Begin PBXTargetDependency section */
		941A84D215814A41001ECCEF /* PBXTargetDependency */ = {
			isa = PBXTargetDependency;
			target = 941A84AA15814A41001ECCEF /* Project 2 */;
			targetProxy = 941A84D115814A41001ECCEF /* PBXContainerItemProxy */;
		};
/* End PBXTargetDependency section */

/* Begin PBXVariantGroup section */
		941A84B815814A41001ECCEF /* InfoPlist.strings */ = {
			isa = PBXVariantGroup;
			children = (
				941A84B915814A41001ECCEF /* en */,
			);
			name = InfoPlist.strings;
			sourceTree = "<group>";
		};
		941A84C115814A41001ECCEF /* MainStoryboard.storyboard */ = {
			isa = PBXVariantGroup;
			children = (
				941A84C215814A41001ECCEF /* en */,
			);
			name = MainStoryboard.storyboard;
			sourceTree = "<group>";
		};
		941A84D615814A41001ECCEF /* InfoPlist.strings */ = {
			isa = PBXVariantGroup;
			children = (
				941A84D715814A41001ECCEF /* en */,
			);
			name = InfoPlist.strings;
			sourceTree = "<group>";
		};
/* End PBXVariantGroup section */

/* Begin XCBuildConfiguration section */
		941A84DC15814A41001ECCEF /* Debug */ = {
			isa = XCBuildConfiguration;
			buildSettings = {
				ALWAYS_SEARCH_USER_PATHS = NO;
				ARCHS = "$(ARCHS_STANDARD_32_BIT)";
				"CODE_SIGN_IDENTITY[sdk=iphoneos*]" = "iPhone Developer";
				COPY_PHASE_STRIP = NO;
				GCC_C_LANGUAGE_STANDARD = gnu99;
				GCC_DYNAMIC_NO_PIC = NO;
				GCC_OPTIMIZATION_LEVEL = 0;
				GCC_PREPROCESSOR_DEFINITIONS = (
					"DEBUG=1",
					"$(inherited)",
				);
				GCC_SYMBOLS_PRIVATE_EXTERN = NO;
				GCC_VERSION = com.apple.compilers.llvm.clang.1_0;
				GCC_WARN_ABOUT_RETURN_TYPE = YES;
				GCC_WARN_UNINITIALIZED_AUTOS = YES;
				GCC_WARN_UNUSED_VARIABLE = YES;
				IPHONEOS_DEPLOYMENT_TARGET = 5.1;
				SDKROOT = iphoneos;
			};
			name = Debug;
		};
		941A84DD15814A41001ECCEF /* Release */ = {
			isa = XCBuildConfiguration;
			buildSettings = {
				ALWAYS_SEARCH_USER_PATHS = NO;
				ARCHS = "$(ARCHS_STANDARD_32_BIT)";
				"CODE_SIGN_IDENTITY[sdk=iphoneos*]" = "iPhone Developer";
				COPY_PHASE_STRIP = YES;
				GCC_C_LANGUAGE_STANDARD = gnu99;
				GCC_VERSION = com.apple.compilers.llvm.clang.1_0;
				GCC_WARN_ABOUT_RETURN_TYPE = YES;
				GCC_WARN_UNINITIALIZED_AUTOS = YES;
				GCC_WARN_UNUSED_VARIABLE = YES;
				IPHONEOS_DEPLOYMENT_TARGET = 5.1;
				OTHER_CFLAGS = "-DNS_BLOCK_ASSERTIONS=1";
				SDKROOT = iphoneos;
				VALIDATE_PRODUCT = YES;
			};
			name = Release;
		};
		941A84DF15814A41001ECCEF /* Debug */ = {
			isa = XCBuildConfiguration;
			buildSettings = {
				GCC_PRECOMPILE_PREFIX_HEADER = YES;
				GCC_PREFIX_HEADER = "Project 2/Project 2-Prefix.pch";
				INFOPLIST_FILE = "Project 2/Project 2-Info.plist";
				PRODUCT_NAME = "$(TARGET_NAME)";
				WRAPPER_EXTENSION = app;
			};
			name = Debug;
		};
		941A84E015814A41001ECCEF /* Release */ = {
			isa = XCBuildConfiguration;
			buildSettings = {
				GCC_PRECOMPILE_PREFIX_HEADER = YES;
				GCC_PREFIX_HEADER = "Project 2/Project 2-Prefix.pch";
				INFOPLIST_FILE = "Project 2/Project 2-Info.plist";
				PRODUCT_NAME = "$(TARGET_NAME)";
				WRAPPER_EXTENSION = app;
			};
			name = Release;
		};
		941A84E215814A41001ECCEF /* Debug */ = {
			isa = XCBuildConfiguration;
			buildSettings = {
				BUNDLE_LOADER = "$(BUILT_PRODUCTS_DIR)/Project 2.app/Project 2";
				FRAMEWORK_SEARCH_PATHS = (
					"$(SDKROOT)/Developer/Library/Frameworks",
					"$(DEVELOPER_LIBRARY_DIR)/Frameworks",
				);
				GCC_PRECOMPILE_PREFIX_HEADER = YES;
				GCC_PREFIX_HEADER = "Project 2/Project 2-Prefix.pch";
				INFOPLIST_FILE = "Project 2Tests/Project 2Tests-Info.plist";
				PRODUCT_NAME = "$(TARGET_NAME)";
				TEST_HOST = "$(BUNDLE_LOADER)";
				WRAPPER_EXTENSION = octest;
			};
			name = Debug;
		};
		941A84E315814A41001ECCEF /* Release */ = {
			isa = XCBuildConfiguration;
			buildSettings = {
				BUNDLE_LOADER = "$(BUILT_PRODUCTS_DIR)/Project 2.app/Project 2";
				FRAMEWORK_SEARCH_PATHS = (
					"$(SDKROOT)/Developer/Library/Frameworks",
					"$(DEVELOPER_LIBRARY_DIR)/Frameworks",
				);
				GCC_PRECOMPILE_PREFIX_HEADER = YES;
				GCC_PREFIX_HEADER = "Project 2/Project 2-Prefix.pch";
				INFOPLIST_FILE = "Project 2Tests/Project 2Tests-Info.plist";
				PRODUCT_NAME = "$(TARGET_NAME)";
				TEST_HOST = "$(BUNDLE_LOADER)";
				WRAPPER_EXTENSION = octest;
			};
			name = Release;
		};
/* End XCBuildConfiguration section */

/* Begin XCConfigurationList section */
		941A84A515814A41001ECCEF /* Build configuration list for PBXProject "Project 2" */ = {
			isa = XCConfigurationList;
			buildConfigurations = (
				941A84DC15814A41001ECCEF /* Debug */,
				941A84DD15814A41001ECCEF /* Release */,
			);
			defaultConfigurationIsVisible = 0;
			defaultConfigurationName = Release;
		};
		941A84DE15814A41001ECCEF /* Build configuration list for PBXNativeTarget "Project 2" */ = {
			isa = XCConfigurationList;
			buildConfigurations = (
				941A84DF15814A41001ECCEF /* Debug */,
				941A84E015814A41001ECCEF /* Release */,
			);
			defaultConfigurationIsVisible = 0;
		};
		941A84E115814A41001ECCEF /* Build configuration list for PBXNativeTarget "Project 2Tests" */ = {
			isa = XCConfigurationList;
			buildConfigurations = (
				941A84E215814A41001ECCEF /* Debug */,
				941A84E315814A41001ECCEF /* Release */,
			);
			defaultConfigurationIsVisible = 0;
		};
/* End XCConfigurationList section */
	};
	rootObject = 941A84A215814A41001ECCEF /* Project object */;
}
